
Microsoft Visual Studio Solution File, Format Version 12.00
# Visual Studio Version 16
VisualStudioVersion = 16.0.29613.14
MinimumVisualStudioVersion = 10.0.40219.1
Project("{FAE04EC0-301F-11D3-BF4B-00C04F79EFBC}") = "StudentManagementApp.Library", "StudentManagementApp.Library\StudentManagementApp.Library.csproj", "{23BAC4C2-2FFA-4730-BE98-8277EEDE2A7C}"
EndProject
Project("{FAE04EC0-301F-11D3-BF4B-00C04F79EFBC}") = "StudentManagementApp.Library.Tests", "StudentManagementApp.Library.Tests\StudentManagementApp.Library.Tests.csproj", "{6361E79F-C79F-46D7-802C-8DE6C9F224A2}"
EndProject
Global
	GlobalSection(SolutionConfigurationPlatforms) = preSolution
		Debug|Any CPU = Debug|Any CPU
		Release|Any CPU = Release|Any CPU
	EndGlobalSection
	GlobalSection(ProjectConfigurationPlatforms) = postSolution
		{23BAC4C2-2FFA-4730-BE98-8277EEDE2A7C}.Debug|Any CPU.ActiveCfg = Debug|Any CPU
		{23BAC4C2-2FFA-4730-BE98-8277EEDE2A7C}.Debug|Any CPU.Build.0 = Debug|Any CPU
		{23BAC4C2-2FFA-4730-BE98-8277EEDE2A7C}.Release|Any CPU.ActiveCfg = Release|Any CPU
		{23BAC4C2-2FFA-4730-BE98-8277EEDE2A7C}.Release|Any CPU.Build.0 = Release|Any CPU
		{6361E79F-C79F-46D7-802C-8DE6C9F224A2}.Debug|Any CPU.ActiveCfg = Debug|Any CPU
		{6361E79F-C79F-46D7-802C-8DE6C9F224A2}.Debug|Any CPU.Build.0 = Debug|Any CPU
		{6361E79F-C79F-46D7-802C-8DE6C9F224A2}.Release|Any CPU.ActiveCfg = Release|Any CPU
		{6361E79F-C79F-46D7-802C-8DE6C9F224A2}.Release|Any CPU.Build.0 = Release|Any CPU
	EndGlobalSection
	GlobalSection(SolutionProperties) = preSolution
		HideSolutionNode = FALSE
	EndGlobalSection
	GlobalSection(ExtensibilityGlobals) = postSolution
		SolutionGuid = {84BCADF0-49B0-46A9-9DB1-24EE2370121C}
	EndGlobalSection
EndGlobal
